
Microsoft Visual Studio Solution File, Format Version 12.00
# Visual Studio Version 17
VisualStudioVersion = 17.6.33829.357
MinimumVisualStudioVersion = 10.0.40219.1
Project("{9A19103F-16F7-4668-BE54-9A1E7A4F7556}") = "SingleGame", "SingleGame\SingleGame.csproj", "{A7BEA743-2D6B-4812-B0DE-284B27B3713D}"
EndProject
Project("{9A19103F-16F7-4668-BE54-9A1E7A4F7556}") = "ConsoleApp1", "ConsoleApp1\ConsoleApp1.csproj", "{EDCC8E9C-567F-4DCD-8A72-70E797C2F4BB}"
EndProject
Project("{FAE04EC0-301F-11D3-BF4B-00C04F79EFBC}") = "ConsoleApp2", "ConsoleApp2\ConsoleApp2.csproj", "{388FD622-2BAC-4C7E-859E-425AC92D4AA5}"
EndProject
Global
	GlobalSection(SolutionConfigurationPlatforms) = preSolution
		Debug|Any CPU = Debug|Any CPU
		Release|Any CPU = Release|Any CPU
	EndGlobalSection
	GlobalSection(ProjectConfigurationPlatforms) = postSolution
		{A7BEA743-2D6B-4812-B0DE-284B27B3713D}.Debug|Any CPU.ActiveCfg = Debug|Any CPU
		{A7BEA743-2D6B-4812-B0DE-284B27B3713D}.Debug|Any CPU.Build.0 = Debug|Any CPU
		{A7BEA743-2D6B-4812-B0DE-284B27B3713D}.Release|Any CPU.ActiveCfg = Release|Any CPU
		{A7BEA743-2D6B-4812-B0DE-284B27B3713D}.Release|Any CPU.Build.0 = Release|Any CPU
		{EDCC8E9C-567F-4DCD-8A72-70E797C2F4BB}.Debug|Any CPU.ActiveCfg = Debug|Any CPU
		{EDCC8E9C-567F-4DCD-8A72-70E797C2F4BB}.Debug|Any CPU.Build.0 = Debug|Any CPU
		{EDCC8E9C-567F-4DCD-8A72-70E797C2F4BB}.Release|Any CPU.ActiveCfg = Release|Any CPU
		{EDCC8E9C-567F-4DCD-8A72-70E797C2F4BB}.Release|Any CPU.Build.0 = Release|Any CPU
		{388FD622-2BAC-4C7E-859E-425AC92D4AA5}.Debug|Any CPU.ActiveCfg = Debug|Any CPU
		{388FD622-2BAC-4C7E-859E-425AC92D4AA5}.Debug|Any CPU.Build.0 = Debug|Any CPU
		{388FD622-2BAC-4C7E-859E-425AC92D4AA5}.Release|Any CPU.ActiveCfg = Release|Any CPU
		{388FD622-2BAC-4C7E-859E-425AC92D4AA5}.Release|Any CPU.Build.0 = Release|Any CPU
	EndGlobalSection
	GlobalSection(SolutionProperties) = preSolution
		HideSolutionNode = FALSE
	EndGlobalSection
	GlobalSection(ExtensibilityGlobals) = postSolution
		SolutionGuid = {EC37B982-FF71-4016-8DC4-03470DBED014}
	EndGlobalSection
EndGlobal
